// !$*UTF8*$!
{
	archiveVersion = 1;
	classes = {
	};
	objectVersion = 46;
	objects = {

/* Begin PBXBuildFile section */
		046676DD1CD8EC7B00F26B7F /* AppDelegate.swift in Sources */ = {isa = PBXBuildFile; fileRef = 046676DC1CD8EC7B00F26B7F /* AppDelegate.swift */; };
		046676E21CD8EC7B00F26B7F /* Main.storyboard in Resources */ = {isa = PBXBuildFile; fileRef = 046676E01CD8EC7B00F26B7F /* Main.storyboard */; };
		046676E41CD8EC7B00F26B7F /* Assets.xcassets in Resources */ = {isa = PBXBuildFile; fileRef = 046676E31CD8EC7B00F26B7F /* Assets.xcassets */; };
		046676E71CD8EC7B00F26B7F /* LaunchScreen.storyboard in Resources */ = {isa = PBXBuildFile; fileRef = 046676E51CD8EC7B00F26B7F /* LaunchScreen.storyboard */; };
		046676F21CD8EC7C00F26B7F /* happinessTests.swift in Sources */ = {isa = PBXBuildFile; fileRef = 046676F11CD8EC7C00F26B7F /* happinessTests.swift */; };
		046676FD1CD8EC7C00F26B7F /* happinessUITests.swift in Sources */ = {isa = PBXBuildFile; fileRef = 046676FC1CD8EC7C00F26B7F /* happinessUITests.swift */; };
		04AADC8D1CE8133B00445EE0 /* FaceView.swift in Sources */ = {isa = PBXBuildFile; fileRef = 04AADC8C1CE8133B00445EE0 /* FaceView.swift */; };
		04ECE0981CE7EF6200DA6494 /* HappinessViewController.swift in Sources */ = {isa = PBXBuildFile; fileRef = 04ECE0971CE7EF6200DA6494 /* HappinessViewController.swift */; };
/* End PBXBuildFile section */

/* Begin PBXContainerItemProxy section */
		046676EE1CD8EC7C00F26B7F /* PBXContainerItemProxy */ = {
			isa = PBXContainerItemProxy;
			containerPortal = 046676D11CD8EC7B00F26B7F /* Project object */;
			proxyType = 1;
			remoteGlobalIDString = 046676D81CD8EC7B00F26B7F;
			remoteInfo = happiness;
		};
		046676F91CD8EC7C00F26B7F /* PBXContainerItemProxy */ = {
			isa = PBXContainerItemProxy;
			containerPortal = 046676D11CD8EC7B00F26B7F /* Project object */;
			proxyType = 1;
			remoteGlobalIDString = 046676D81CD8EC7B00F26B7F;
			remoteInfo = happiness;
		};
/* End PBXContainerItemProxy section */

/* Begin PBXFileReference section */
		046676D91CD8EC7B00F26B7F /* happiness.app */ = {isa = PBXFileReference; explicitFileType = wrapper.application; includeInIndex = 0; path = happiness.app; sourceTree = BUILT_PRODUCTS_DIR; };
		046676DC1CD8EC7B00F26B7F /* AppDelegate.swift */ = {isa = PBXFileReference; lastKnownFileType = sourcecode.swift; path = AppDelegate.swift; sourceTree = "<group>"; };
		046676E11CD8EC7B00F26B7F /* Base */ = {isa = PBXFileReference; lastKnownFileType = file.storyboard; name = Base; path = Base.lproj/Main.storyboard; sourceTree = "<group>"; };
		046676E31CD8EC7B00F26B7F /* Assets.xcassets */ = {isa = PBXFileReference; lastKnownFileType = folder.assetcatalog; path = Assets.xcassets; sourceTree = "<group>"; };
		046676E61CD8EC7B00F26B7F /* Base */ = {isa = PBXFileReference; lastKnownFileType = file.storyboard; name = Base; path = Base.lproj/LaunchScreen.storyboard; sourceTree = "<group>"; };
		046676E81CD8EC7B00F26B7F /* Info.plist */ = {isa = PBXFileReference; lastKnownFileType = text.plist.xml; path = Info.plist; sourceTree = "<group>"; };
		046676ED1CD8EC7C00F26B7F /* happinessTests.xctest */ = {isa = PBXFileReference; explicitFileType = wrapper.cfbundle; includeInIndex = 0; path = happinessTests.xctest; sourceTree = BUILT_PRODUCTS_DIR; };
		046676F11CD8EC7C00F26B7F /* happinessTests.swift */ = {isa = PBXFileReference; lastKnownFileType = sourcecode.swift; path = happinessTests.swift; sourceTree = "<group>"; };
		046676F31CD8EC7C00F26B7F /* Info.plist */ = {isa = PBXFileReference; lastKnownFileType = text.plist.xml; path = Info.plist; sourceTree = "<group>"; };
		046676F81CD8EC7C00F26B7F /* happinessUITests.xctest */ = {isa = PBXFileReference; explicitFileType = wrapper.cfbundle; includeInIndex = 0; path = happinessUITests.xctest; sourceTree = BUILT_PRODUCTS_DIR; };
		046676FC1CD8EC7C00F26B7F /* happinessUITests.swift */ = {isa = PBXFileReference; lastKnownFileType = sourcecode.swift; path = happinessUITests.swift; sourceTree = "<group>"; };
		046676FE1CD8EC7C00F26B7F /* Info.plist */ = {isa = PBXFileReference; lastKnownFileType = text.plist.xml; path = Info.plist; sourceTree = "<group>"; };
		04AADC8C1CE8133B00445EE0 /* FaceView.swift */ = {isa = PBXFileReference; fileEncoding = 4; lastKnownFileType = sourcecode.swift; path = FaceView.swift; sourceTree = "<group>"; };
		04ECE0971CE7EF6200DA6494 /* HappinessViewController.swift */ = {isa = PBXFileReference; fileEncoding = 4; lastKnownFileType = sourcecode.swift; path = HappinessViewController.swift; sourceTree = "<group>"; };
/* End PBXFileReference section */

/* Begin PBXFrameworksBuildPhase section */
		046676D61CD8EC7B00F26B7F /* Frameworks */ = {
			isa = PBXFrameworksBuildPhase;
			buildActionMask = 2147483647;
			files = (
			);
			runOnlyForDeploymentPostprocessing = 0;
		};
		046676EA1CD8EC7C00F26B7F /* Frameworks */ = {
			isa = PBXFrameworksBuildPhase;
			buildActionMask = 2147483647;
			files = (
			);
			runOnlyForDeploymentPostprocessing = 0;
		};
		046676F51CD8EC7C00F26B7F /* Frameworks */ = {
			isa = PBXFrameworksBuildPhase;
			buildActionMask = 2147483647;
			files = (
			);
			runOnlyForDeploymentPostprocessing = 0;
		};
/* End PBXFrameworksBuildPhase section */

/* Begin PBXGroup section */
		046676D01CD8EC7B00F26B7F = {
			isa = PBXGroup;
			children = (
				046676DB1CD8EC7B00F26B7F /* happiness */,
				046676F01CD8EC7C00F26B7F /* happinessTests */,
				046676FB1CD8EC7C00F26B7F /* happinessUITests */,
				046676DA1CD8EC7B00F26B7F /* Products */,
			);
			sourceTree = "<group>";
		};
		046676DA1CD8EC7B00F26B7F /* Products */ = {
			isa = PBXGroup;
			children = (
				046676D91CD8EC7B00F26B7F /* happiness.app */,
				046676ED1CD8EC7C00F26B7F /* happinessTests.xctest */,
				046676F81CD8EC7C00F26B7F /* happinessUITests.xctest */,
			);
			name = Products;
			sourceTree = "<group>";
		};
		046676DB1CD8EC7B00F26B7F /* happiness */ = {
			isa = PBXGroup;
			children = (
				046676E01CD8EC7B00F26B7F /* Main.storyboard */,
				04ECE0971CE7EF6200DA6494 /* HappinessViewController.swift */,
				04AADC8C1CE8133B00445EE0 /* FaceView.swift */,
				046676E31CD8EC7B00F26B7F /* Assets.xcassets */,
				046676DC1CD8EC7B00F26B7F /* AppDelegate.swift */,
				046676E51CD8EC7B00F26B7F /* LaunchScreen.storyboard */,
				046676E81CD8EC7B00F26B7F /* Info.plist */,
			);
			path = happiness;
			sourceTree = "<group>";
		};
		046676F01CD8EC7C00F26B7F /* happinessTests */ = {
			isa = PBXGroup;
			children = (
				046676F11CD8EC7C00F26B7F /* happinessTests.swift */,
				046676F31CD8EC7C00F26B7F /* Info.plist */,
			);
			path = happinessTests;
			sourceTree = "<group>";
		};
		046676FB1CD8EC7C00F26B7F /* happinessUITests */ = {
			isa = PBXGroup;
			children = (
				046676FC1CD8EC7C00F26B7F /* happinessUITests.swift */,
				046676FE1CD8EC7C00F26B7F /* Info.plist */,
			);
			path = happinessUITests;
			sourceTree = "<group>";
		};
/* End PBXGroup section */

/* Begin PBXNativeTarget section */
		046676D81CD8EC7B00F26B7F /* happiness */ = {
			isa = PBXNativeTarget;
			buildConfigurationList = 046677011CD8EC7C00F26B7F /* Build configuration list for PBXNativeTarget "happiness" */;
			buildPhases = (
				046676D51CD8EC7B00F26B7F /* Sources */,
				046676D61CD8EC7B00F26B7F /* Frameworks */,
				046676D71CD8EC7B00F26B7F /* Resources */,
			);
			buildRules = (
			);
			dependencies = (
			);
			name = happiness;
			productName = happiness;
			productReference = 046676D91CD8EC7B00F26B7F /* happiness.app */;
			productType = "com.apple.product-type.application";
		};
		046676EC1CD8EC7C00F26B7F /* happinessTests */ = {
			isa = PBXNativeTarget;
			buildConfigurationList = 046677041CD8EC7C00F26B7F /* Build configuration list for PBXNativeTarget "happinessTests" */;
			buildPhases = (
				046676E91CD8EC7C00F26B7F /* Sources */,
				046676EA1CD8EC7C00F26B7F /* Frameworks */,
				046676EB1CD8EC7C00F26B7F /* Resources */,
			);
			buildRules = (
			);
			dependencies = (
				046676EF1CD8EC7C00F26B7F /* PBXTargetDependency */,
			);
			name = happinessTests;
			productName = happinessTests;
			productReference = 046676ED1CD8EC7C00F26B7F /* happinessTests.xctest */;
			productType = "com.apple.product-type.bundle.unit-test";
		};
		046676F71CD8EC7C00F26B7F /* happinessUITests */ = {
			isa = PBXNativeTarget;
			buildConfigurationList = 046677071CD8EC7C00F26B7F /* Build configuration list for PBXNativeTarget "happinessUITests" */;
			buildPhases = (
				046676F41CD8EC7C00F26B7F /* Sources */,
				046676F51CD8EC7C00F26B7F /* Frameworks */,
				046676F61CD8EC7C00F26B7F /* Resources */,
			);
			buildRules = (
			);
			dependencies = (
				046676FA1CD8EC7C00F26B7F /* PBXTargetDependency */,
			);
			name = happinessUITests;
			productName = happinessUITests;
			productReference = 046676F81CD8EC7C00F26B7F /* happinessUITests.xctest */;
			productType = "com.apple.product-type.bundle.ui-testing";
		};
/* End PBXNativeTarget section */

/* Begin PBXProject section */
		046676D11CD8EC7B00F26B7F /* Project object */ = {
			isa = PBXProject;
			attributes = {
				LastSwiftUpdateCheck = 0730;
				LastUpgradeCheck = 0730;
				ORGANIZATIONNAME = jack;
				TargetAttributes = {
					046676D81CD8EC7B00F26B7F = {
						CreatedOnToolsVersion = 7.3;
					};
					046676EC1CD8EC7C00F26B7F = {
						CreatedOnToolsVersion = 7.3;
						TestTargetID = 046676D81CD8EC7B00F26B7F;
					};
					046676F71CD8EC7C00F26B7F = {
						CreatedOnToolsVersion = 7.3;
						TestTargetID = 046676D81CD8EC7B00F26B7F;
					};
				};
			};
			buildConfigurationList = 046676D41CD8EC7B00F26B7F /* Build configuration list for PBXProject "happiness" */;
			compatibilityVersion = "Xcode 3.2";
			developmentRegion = English;
			hasScannedForEncodings = 0;
			knownRegions = (
				en,
				Base,
			);
			mainGroup = 046676D01CD8EC7B00F26B7F;
			productRefGroup = 046676DA1CD8EC7B00F26B7F /* Products */;
			projectDirPath = "";
			projectRoot = "";
			targets = (
				046676D81CD8EC7B00F26B7F /* happiness */,
				046676EC1CD8EC7C00F26B7F /* happinessTests */,
				046676F71CD8EC7C00F26B7F /* happinessUITests */,
			);
		};
/* End PBXProject section */

/* Begin PBXResourcesBuildPhase section */
		046676D71CD8EC7B00F26B7F /* Resources */ = {
			isa = PBXResourcesBuildPhase;
			buildActionMask = 2147483647;
			files = (
				046676E71CD8EC7B00F26B7F /* LaunchScreen.storyboard in Resources */,
				046676E41CD8EC7B00F26B7F /* Assets.xcassets in Resources */,
				046676E21CD8EC7B00F26B7F /* Main.storyboard in Resources */,
			);
			runOnlyForDeploymentPostprocessing = 0;
		};
		046676EB1CD8EC7C00F26B7F /* Resources */ = {
			isa = PBXResourcesBuildPhase;
			buildActionMask = 2147483647;
			files = (
			);
			runOnlyForDeploymentPostprocessing = 0;
		};
		046676F61CD8EC7C00F26B7F /* Resources */ = {
			isa = PBXResourcesBuildPhase;
			buildActionMask = 2147483647;
			files = (
			);
			runOnlyForDeploymentPostprocessing = 0;
		};
/* End PBXResourcesBuildPhase section */

/* Begin PBXSourcesBuildPhase section */
		046676D51CD8EC7B00F26B7F /* Sources */ = {
			isa = PBXSourcesBuildPhase;
			buildActionMask = 2147483647;
			files = (
				04ECE0981CE7EF6200DA6494 /* HappinessViewController.swift in Sources */,
				046676DD1CD8EC7B00F26B7F /* AppDelegate.swift in Sources */,
				04AADC8D1CE8133B00445EE0 /* FaceView.swift in Sources */,
			);
			runOnlyForDeploymentPostprocessing = 0;
		};
		046676E91CD8EC7C00F26B7F /* Sources */ = {
			isa = PBXSourcesBuildPhase;
			buildActionMask = 2147483647;
			files = (
				046676F21CD8EC7C00F26B7F /* happinessTests.swift in Sources */,
			);
			runOnlyForDeploymentPostprocessing = 0;
		};
		046676F41CD8EC7C00F26B7F /* Sources */ = {
			isa = PBXSourcesBuildPhase;
			buildActionMask = 2147483647;
			files = (
				046676FD1CD8EC7C00F26B7F /* happinessUITests.swift in Sources */,
			);
			runOnlyForDeploymentPostprocessing = 0;
		};
/* End PBXSourcesBuildPhase section */

/* Begin PBXTargetDependency section */
		046676EF1CD8EC7C00F26B7F /* PBXTargetDependency */ = {
			isa = PBXTargetDependency;
			target = 046676D81CD8EC7B00F26B7F /* happiness */;
			targetProxy = 046676EE1CD8EC7C00F26B7F /* PBXContainerItemProxy */;
		};
		046676FA1CD8EC7C00F26B7F /* PBXTargetDependency */ = {
			isa = PBXTargetDependency;
			target = 046676D81CD8EC7B00F26B7F /* happiness */;
			targetProxy = 046676F91CD8EC7C00F26B7F /* PBXContainerItemProxy */;
		};
/* End PBXTargetDependency section */

/* Begin PBXVariantGroup section */
		046676E01CD8EC7B00F26B7F /* Main.storyboard */ = {
			isa = PBXVariantGroup;
			children = (
				046676E11CD8EC7B00F26B7F /* Base */,
			);
			name = Main.storyboard;
			sourceTree = "<group>";
		};
		046676E51CD8EC7B00F26B7F /* LaunchScreen.storyboard */ = {
			isa = PBXVariantGroup;
			children = (
				046676E61CD8EC7B00F26B7F /* Base */,
			);
			name = LaunchScreen.storyboard;
			sourceTree = "<group>";
		};
/* End PBXVariantGroup section */

/* Begin XCBuildConfiguration section */
		046676FF1CD8EC7C00F26B7F /* Debug */ = {
			isa = XCBuildConfiguration;
			buildSettings = {
				ALWAYS_SEARCH_USER_PATHS = NO;
				CLANG_ANALYZER_NONNULL = YES;
				CLANG_CXX_LANGUAGE_STANDARD = "gnu++0x";
				CLANG_CXX_LIBRARY = "libc++";
				CLANG_ENABLE_MODULES = YES;
				CLANG_ENABLE_OBJC_ARC = YES;
				CLANG_WARN_BOOL_CONVERSION = YES;
				CLANG_WARN_CONSTANT_CONVERSION = YES;
				CLANG_WARN_DIRECT_OBJC_ISA_USAGE = YES_ERROR;
				CLANG_WARN_EMPTY_BODY = YES;
				CLANG_WARN_ENUM_CONVERSION = YES;
				CLANG_WARN_INT_CONVERSION = YES;
				CLANG_WARN_OBJC_ROOT_CLASS = YES_ERROR;
				CLANG_WARN_UNREACHABLE_CODE = YES;
				CLANG_WARN__DUPLICATE_METHOD_MATCH = YES;
				"CODE_SIGN_IDENTITY[sdk=iphoneos*]" = "iPhone Developer";
				COPY_PHASE_STRIP = NO;
				DEBUG_INFORMATION_FORMAT = dwarf;
				ENABLE_STRICT_OBJC_MSGSEND = YES;
				ENABLE_TESTABILITY = YES;
				GCC_C_LANGUAGE_STANDARD = gnu99;
				GCC_DYNAMIC_NO_PIC = NO;
				GCC_NO_COMMON_BLOCKS = YES;
				GCC_OPTIMIZATION_LEVEL = 0;
				GCC_PREPROCESSOR_DEFINITIONS = (
					"DEBUG=1",
					"$(inherited)",
				);
				GCC_WARN_64_TO_32_BIT_CONVERSION = YES;
				GCC_WARN_ABOUT_RETURN_TYPE = YES_ERROR;
				GCC_WARN_UNDECLARED_SELECTOR = YES;
				GCC_WARN_UNINITIALIZED_AUTOS = YES_AGGRESSIVE;
				GCC_WARN_UNUSED_FUNCTION = YES;
				GCC_WARN_UNUSED_VARIABLE = YES;
				IPHONEOS_DEPLOYMENT_TARGET = 9.3;
				MTL_ENABLE_DEBUG_INFO = YES;
				ONLY_ACTIVE_ARCH = YES;
				SDKROOT = iphoneos;
				SWIFT_OPTIMIZATION_LEVEL = "-Onone";
				TARGETED_DEVICE_FAMILY = "1,2";
			};
			name = Debug;
		};
		046677001CD8EC7C00F26B7F /* Release */ = {
			isa = XCBuildConfiguration;
			buildSettings = {
				ALWAYS_SEARCH_USER_PATHS = NO;
				CLANG_ANALYZER_NONNULL = YES;
				CLANG_CXX_LANGUAGE_STANDARD = "gnu++0x";
				CLANG_CXX_LIBRARY = "libc++";
				CLANG_ENABLE_MODULES = YES;
				CLANG_ENABLE_OBJC_ARC = YES;
				CLANG_WARN_BOOL_CONVERSION = YES;
				CLANG_WARN_CONSTANT_CONVERSION = YES;
				CLANG_WARN_DIRECT_OBJC_ISA_USAGE = YES_ERROR;
				CLANG_WARN_EMPTY_BODY = YES;
				CLANG_WARN_ENUM_CONVERSION = YES;
				CLANG_WARN_INT_CONVERSION = YES;
				CLANG_WARN_OBJC_ROOT_CLASS = YES_ERROR;
				CLANG_WARN_UNREACHABLE_CODE = YES;
				CLANG_WARN__DUPLICATE_METHOD_MATCH = YES;
				"CODE_SIGN_IDENTITY[sdk=iphoneos*]" = "iPhone Developer";
				COPY_PHASE_STRIP = NO;
				DEBUG_INFORMATION_FORMAT = "dwarf-with-dsym";
				ENABLE_NS_ASSERTIONS = NO;
				ENABLE_STRICT_OBJC_MSGSEND = YES;
				GCC_C_LANGUAGE_STANDARD = gnu99;
				GCC_NO_COMMON_BLOCKS = YES;
				GCC_WARN_64_TO_32_BIT_CONVERSION = YES;
				GCC_WARN_ABOUT_RETURN_TYPE = YES_ERROR;
				GCC_WARN_UNDECLARED_SELECTOR = YES;
				GCC_WARN_UNINITIALIZED_AUTOS = YES_AGGRESSIVE;
				GCC_WARN_UNUSED_FUNCTION = YES;
				GCC_WARN_UNUSED_VARIABLE = YES;
				IPHONEOS_DEPLOYMENT_TARGET = 9.3;
				MTL_ENABLE_DEBUG_INFO = NO;
				SDKROOT = iphoneos;
				TARGETED_DEVICE_FAMILY = "1,2";
				VALIDATE_PRODUCT = YES;
			};
			name = Release;
		};
		046677021CD8EC7C00F26B7F /* Debug */ = {
			isa = XCBuildConfiguration;
			buildSettings = {
				ASSETCATALOG_COMPILER_APPICON_NAME = AppIcon;
				INFOPLIST_FILE = happiness/Info.plist;
				LD_RUNPATH_SEARCH_PATHS = "$(inherited) @executable_path/Frameworks";
				PRODUCT_BUNDLE_IDENTIFIER = com.outlook.jack2apple.happiness;
				PRODUCT_NAME = "$(TARGET_NAME)";
			};
			name = Debug;
		};
		046677031CD8EC7C00F26B7F /* Release */ = {
			isa = XCBuildConfiguration;
			buildSettings = {
				ASSETCATALOG_COMPILER_APPICON_NAME = AppIcon;
				INFOPLIST_FILE = happiness/Info.plist;
				LD_RUNPATH_SEARCH_PATHS = "$(inherited) @executable_path/Frameworks";
				PRODUCT_BUNDLE_IDENTIFIER = com.outlook.jack2apple.happiness;
				PRODUCT_NAME = "$(TARGET_NAME)";
			};
			name = Release;
		};
		046677051CD8EC7C00F26B7F /* Debug */ = {
			isa = XCBuildConfiguration;
			buildSettings = {
				BUNDLE_LOADER = "$(TEST_HOST)";
				INFOPLIST_FILE = happinessTests/Info.plist;
				LD_RUNPATH_SEARCH_PATHS = "$(inherited) @executable_path/Frameworks @loader_path/Frameworks";
				PRODUCT_BUNDLE_IDENTIFIER = com.outlook.jack2apple.happinessTests;
				PRODUCT_NAME = "$(TARGET_NAME)";
				TEST_HOST = "$(BUILT_PRODUCTS_DIR)/happiness.app/happiness";
			};
			name = Debug;
		};
		046677061CD8EC7C00F26B7F /* Release */ = {
			isa = XCBuildConfiguration;
			buildSettings = {
				BUNDLE_LOADER = "$(TEST_HOST)";
				INFOPLIST_FILE = happinessTests/Info.plist;
				LD_RUNPATH_SEARCH_PATHS = "$(inherited) @executable_path/Frameworks @loader_path/Frameworks";
				PRODUCT_BUNDLE_IDENTIFIER = com.outlook.jack2apple.happinessTests;
				PRODUCT_NAME = "$(TARGET_NAME)";
				TEST_HOST = "$(BUILT_PRODUCTS_DIR)/happiness.app/happiness";
			};
			name = Release;
		};
		046677081CD8EC7C00F26B7F /* Debug */ = {
			isa = XCBuildConfiguration;
			buildSettings = {
				INFOPLIST_FILE = happinessUITests/Info.plist;
				LD_RUNPATH_SEARCH_PATHS = "$(inherited) @executable_path/Frameworks @loader_path/Frameworks";
				PRODUCT_BUNDLE_IDENTIFIER = com.outlook.jack2apple.happinessUITests;
				PRODUCT_NAME = "$(TARGET_NAME)";
				TEST_TARGET_NAME = happiness;
			};
			name = Debug;
		};
		046677091CD8EC7C00F26B7F /* Release */ = {
			isa = XCBuildConfiguration;
			buildSettings = {
				INFOPLIST_FILE = happinessUITests/Info.plist;
				LD_RUNPATH_SEARCH_PATHS = "$(inherited) @executable_path/Frameworks @loader_path/Frameworks";
				PRODUCT_BUNDLE_IDENTIFIER = com.outlook.jack2apple.happinessUITests;
				PRODUCT_NAME = "$(TARGET_NAME)";
				TEST_TARGET_NAME = happiness;
			};
			name = Release;
		};
/* End XCBuildConfiguration section */

/* Begin XCConfigurationList section */
		046676D41CD8EC7B00F26B7F /* Build configuration list for PBXProject "happiness" */ = {
			isa = XCConfigurationList;
			buildConfigurations = (
				046676FF1CD8EC7C00F26B7F /* Debug */,
				046677001CD8EC7C00F26B7F /* Release */,
			);
			defaultConfigurationIsVisible = 0;
			defaultConfigurationName = Release;
		};
		046677011CD8EC7C00F26B7F /* Build configuration list for PBXNativeTarget "happiness" */ = {
			isa = XCConfigurationList;
			buildConfigurations = (
				046677021CD8EC7C00F26B7F /* Debug */,
				046677031CD8EC7C00F26B7F /* Release */,
			);
			defaultConfigurationIsVisible = 0;
			defaultConfigurationName = Release;
		};
		046677041CD8EC7C00F26B7F /* Build configuration list for PBXNativeTarget "happinessTests" */ = {
			isa = XCConfigurationList;
			buildConfigurations = (
				046677051CD8EC7C00F26B7F /* Debug */,
				046677061CD8EC7C00F26B7F /* Release */,
			);
			defaultConfigurationIsVisible = 0;
			defaultConfigurationName = Release;
		};
		046677071CD8EC7C00F26B7F /* Build configuration list for PBXNativeTarget "happinessUITests" */ = {
			isa = XCConfigurationList;
			buildConfigurations = (
				046677081CD8EC7C00F26B7F /* Debug */,
				046677091CD8EC7C00F26B7F /* Release */,
			);
			defaultConfigurationIsVisible = 0;
			defaultConfigurationName = Release;
		};
/* End XCConfigurationList section */
	};
	rootObject = 046676D11CD8EC7B00F26B7F /* Project object */;
}
